
Microsoft Visual Studio Solution File, Format Version 12.00
# Visual Studio 2012
Project("{FAE04EC0-301F-11D3-BF4B-00C04F79EFBC}") = "memwatch", "memwatch\memwatch.csproj", "{BD7414A6-BC47-4E80-BAA8-B6E062052732}"
EndProject
Global
	GlobalSection(SolutionConfigurationPlatforms) = preSolution
		Debug|Any CPU = Debug|Any CPU
		Release|Any CPU = Release|Any CPU
	EndGlobalSection
	GlobalSection(ProjectConfigurationPlatforms) = postSolution
		{BD7414A6-BC47-4E80-BAA8-B6E062052732}.Debug|Any CPU.ActiveCfg = Debug|Any CPU
		{BD7414A6-BC47-4E80-BAA8-B6E062052732}.Debug|Any CPU.Build.0 = Debug|Any CPU
		{BD7414A6-BC47-4E80-BAA8-B6E062052732}.Release|Any CPU.ActiveCfg = Release|Any CPU
		{BD7414A6-BC47-4E80-BAA8-B6E062052732}.Release|Any CPU.Build.0 = Release|Any CPU
	EndGlobalSection
	GlobalSection(SolutionProperties) = preSolution
		HideSolutionNode = FALSE
	EndGlobalSection
EndGlobal
